
Microsoft Visual Studio Solution File, Format Version 12.00
# Visual Studio Version 16
VisualStudioVersion = 16.0.29806.167
MinimumVisualStudioVersion = 10.0.40219.1
Project("{9A19103F-16F7-4668-BE54-9A1E7A4F7556}") = "SampleApp", "SampleApp\SampleApp.csproj", "{C4DB5902-DB47-4108-8423-8687D6395567}"
EndProject
Project("{9A19103F-16F7-4668-BE54-9A1E7A4F7556}") = "PiTopMakerArchitecture.Foundation", "PiTopMakerArchitecture.Foundation\PiTopMakerArchitecture.Foundation.csproj", "{AB82DFB4-86E7-4F21-9033-9398F9407654}"
EndProject
Project("{9A19103F-16F7-4668-BE54-9A1E7A4F7556}") = "PiTop", "PiTop\PiTop.csproj", "{79EE7D16-C478-4159-A1B7-38C7B4764D30}"
EndProject
Project("{9A19103F-16F7-4668-BE54-9A1E7A4F7556}") = "PiTop.InteractiveExtension", "PiTop.InteractiveExtension\PiTop.InteractiveExtension.csproj", "{0264F0D4-CBB8-4A38-86FD-B65B8668C077}"
EndProject
Project("{9A19103F-16F7-4668-BE54-9A1E7A4F7556}") = "PiTopMakerArchitecture.Foundation.InteractiveExtension", "PiTopMakerArchitecture.Foundation.InteractiveExtension\PiTopMakerArchitecture.Foundation.InteractiveExtension.csproj", "{4BA30F39-13E1-4F37-B7F8-E7054FFB1A84}"
EndProject
Project("{2150E333-8FDC-42A3-9474-1A3956D46DE8}") = "InteractiveExtensions", "InteractiveExtensions", "{931E6A07-3272-4153-B7BA-A597BC40FAA5}"
EndProject
Project("{2150E333-8FDC-42A3-9474-1A3956D46DE8}") = "Libraries", "Libraries", "{503E04AD-13D4-41FE-A5FD-CA2AB3B2623D}"
EndProject
Project("{2150E333-8FDC-42A3-9474-1A3956D46DE8}") = "NuGet", "NuGet", "{3BAE42DC-A523-4500-9A93-8C28DDF532D4}"
EndProject
Project("{9A19103F-16F7-4668-BE54-9A1E7A4F7556}") = "PiTop.nuget", "PiTop.nuget\PiTop.nuget.csproj", "{B8EDB470-BCBD-4120-9CD0-9FC4CBF168F7}"
EndProject
Project("{9A19103F-16F7-4668-BE54-9A1E7A4F7556}") = "PiTopMakerArchitecture.Foundation.nuget", "PiTopMakerArchitecture.Foundation.nuget\PiTopMakerArchitecture.Foundation.nuget.csproj", "{7C99308D-A11A-43A0-9C2D-F28466A0B711}"
EndProject
Project("{9A19103F-16F7-4668-BE54-9A1E7A4F7556}") = "PiTopMakerArchitecture.Foundation.Psi", "PiTopMakerArchitecture.Foundation.Psi\PiTopMakerArchitecture.Foundation.Psi.csproj", "{6003624A-34E4-4891-A29C-6957DE6ADF9F}"
EndProject
Project("{9A19103F-16F7-4668-BE54-9A1E7A4F7556}") = "PiTopMakerArchitecture.Foundation.Psi.InteractiveExtension", "PiTopMakerArchitecture.Foundation.Psi.InteractiveExtension\PiTopMakerArchitecture.Foundation.Psi.InteractiveExtension.csproj", "{5322025D-EFDF-472D-8CD7-947A23B15E38}"
EndProject
Project("{9A19103F-16F7-4668-BE54-9A1E7A4F7556}") = "PiTop.PsiApp", "PiTop.PsiApp\PiTop.PsiApp.csproj", "{9F60841F-6489-49D6-952F-042B9ABD4226}"
EndProject
Project("{9A19103F-16F7-4668-BE54-9A1E7A4F7556}") = "PiTop.Camera", "PiTop.Camera\PiTop.Camera.csproj", "{3C6DC2E4-5A44-4E28-B03D-D4DFAC7C7791}"
EndProject
Project("{2150E333-8FDC-42A3-9474-1A3956D46DE8}") = "Samples", "Samples", "{28231AC6-36A0-4746-8384-DE482C818EF0}"
EndProject
Project("{9A19103F-16F7-4668-BE54-9A1E7A4F7556}") = "PiTop.Camera.App", "PiTop.Camera.App\PiTop.Camera.App.csproj", "{01BE48FD-2AD7-4E71-B1C5-8C6A608ACD1E}"
EndProject
Project("{9A19103F-16F7-4668-BE54-9A1E7A4F7556}") = "PiTop.Camera.Psi", "PiTop.Camera.Psi\PiTop.Camera.Psi.csproj", "{DEA5FE65-F3FD-4E85-9231-4F36F793307D}"
EndProject
Project("{9A19103F-16F7-4668-BE54-9A1E7A4F7556}") = "PiTop.Camera.InteractiveExtension", "PiTop.Camera.InteractiveExtension\PiTop.Camera.InteractiveExtension.csproj", "{51474BCA-7C44-4979-A018-BA95C8BFE505}"
EndProject
Project("{9A19103F-16F7-4668-BE54-9A1E7A4F7556}") = "PiTop.Camera.Psi.InteractiveExtension", "PiTop.Camera.Psi.InteractiveExtension\PiTop.Camera.Psi.InteractiveExtension.csproj", "{C04292F9-4FA1-4523-84C1-5E2000C2D609}"
EndProject
Project("{9A19103F-16F7-4668-BE54-9A1E7A4F7556}") = "PiTop.Camera.nuget", "PiTop.Camera.nuget\PiTop.Camera.nuget.csproj", "{8A5A51A5-EDBB-428F-94D0-E2A38CB6D99C}"
EndProject
Project("{9A19103F-16F7-4668-BE54-9A1E7A4F7556}") = "PiTop.Camera.Psi.nuget", "PiTop.Camera.Psi.nuget\PiTop.Camera.Psi.nuget.csproj", "{4F6D165F-1B06-4C06-AF38-926FA15D20BB}"
EndProject
Project("{9A19103F-16F7-4668-BE54-9A1E7A4F7556}") = "PiTopMakerArchitecture.Foundation.Psi.nuget", "PiTopMakerArchitecture.Foundation.Psi.nuget\PiTopMakerArchitecture.Foundation.Psi.nuget.csproj", "{69ADCBFD-CA7F-4B89-A2D9-A39629B4B08F}"
EndProject
Project("{9A19103F-16F7-4668-BE54-9A1E7A4F7556}") = "PiTop.Display", "PiTop.Display\PiTop.Display.csproj", "{62783A37-DBE5-4998-AC14-23B5BFADE73C}"
EndProject
Project("{2150E333-8FDC-42A3-9474-1A3956D46DE8}") = "Tests", "Tests", "{246885B4-382F-47A8-8F4F-BD41C7ED16CF}"
EndProject
Project("{9A19103F-16F7-4668-BE54-9A1E7A4F7556}") = "PiTop.Tests", "PiTop.Tests\PiTop.Tests.csproj", "{415E81AE-834F-466C-A9E4-45C8A0FDB1C4}"
EndProject
Project("{9A19103F-16F7-4668-BE54-9A1E7A4F7556}") = "PiTopMakerArchitecture.Foundation.Tests", "PiTopMakerArchitecture.Foundation.Tests\PiTopMakerArchitecture.Foundation.Tests.csproj", "{B2D8BE0A-0241-4B5E-A75E-63820900425D}"
EndProject
Project("{9A19103F-16F7-4668-BE54-9A1E7A4F7556}") = "PiTop.Camera.Tests", "PiTop.Camera.Tests\PiTop.Camera.Tests.csproj", "{E2513B57-C3B6-4382-870C-52F926AA3B0E}"
EndProject
Project("{FAE04EC0-301F-11D3-BF4B-00C04F79EFBC}") = "PiTop.Abstractions", "PiTop.Abstractions\PiTop.Abstractions.csproj", "{CF6A6AB1-F8DD-4689-A450-F7F41D930589}"
EndProject
Global
	GlobalSection(SolutionConfigurationPlatforms) = preSolution
		Debug|Any CPU = Debug|Any CPU
		Release|Any CPU = Release|Any CPU
	EndGlobalSection
	GlobalSection(ProjectConfigurationPlatforms) = postSolution
		{C4DB5902-DB47-4108-8423-8687D6395567}.Debug|Any CPU.ActiveCfg = Debug|Any CPU
		{C4DB5902-DB47-4108-8423-8687D6395567}.Debug|Any CPU.Build.0 = Debug|Any CPU
		{C4DB5902-DB47-4108-8423-8687D6395567}.Release|Any CPU.ActiveCfg = Release|Any CPU
		{C4DB5902-DB47-4108-8423-8687D6395567}.Release|Any CPU.Build.0 = Release|Any CPU
		{AB82DFB4-86E7-4F21-9033-9398F9407654}.Debug|Any CPU.ActiveCfg = Debug|Any CPU
		{AB82DFB4-86E7-4F21-9033-9398F9407654}.Debug|Any CPU.Build.0 = Debug|Any CPU
		{AB82DFB4-86E7-4F21-9033-9398F9407654}.Release|Any CPU.ActiveCfg = Release|Any CPU
		{AB82DFB4-86E7-4F21-9033-9398F9407654}.Release|Any CPU.Build.0 = Release|Any CPU
		{79EE7D16-C478-4159-A1B7-38C7B4764D30}.Debug|Any CPU.ActiveCfg = Debug|Any CPU
		{79EE7D16-C478-4159-A1B7-38C7B4764D30}.Debug|Any CPU.Build.0 = Debug|Any CPU
		{79EE7D16-C478-4159-A1B7-38C7B4764D30}.Release|Any CPU.ActiveCfg = Release|Any CPU
		{79EE7D16-C478-4159-A1B7-38C7B4764D30}.Release|Any CPU.Build.0 = Release|Any CPU
		{0264F0D4-CBB8-4A38-86FD-B65B8668C077}.Debug|Any CPU.ActiveCfg = Debug|Any CPU
		{0264F0D4-CBB8-4A38-86FD-B65B8668C077}.Debug|Any CPU.Build.0 = Debug|Any CPU
		{0264F0D4-CBB8-4A38-86FD-B65B8668C077}.Release|Any CPU.ActiveCfg = Release|Any CPU
		{0264F0D4-CBB8-4A38-86FD-B65B8668C077}.Release|Any CPU.Build.0 = Release|Any CPU
		{4BA30F39-13E1-4F37-B7F8-E7054FFB1A84}.Debug|Any CPU.ActiveCfg = Debug|Any CPU
		{4BA30F39-13E1-4F37-B7F8-E7054FFB1A84}.Debug|Any CPU.Build.0 = Debug|Any CPU
		{4BA30F39-13E1-4F37-B7F8-E7054FFB1A84}.Release|Any CPU.ActiveCfg = Release|Any CPU
		{4BA30F39-13E1-4F37-B7F8-E7054FFB1A84}.Release|Any CPU.Build.0 = Release|Any CPU
		{B8EDB470-BCBD-4120-9CD0-9FC4CBF168F7}.Debug|Any CPU.ActiveCfg = Debug|Any CPU
		{B8EDB470-BCBD-4120-9CD0-9FC4CBF168F7}.Debug|Any CPU.Build.0 = Debug|Any CPU
		{B8EDB470-BCBD-4120-9CD0-9FC4CBF168F7}.Release|Any CPU.ActiveCfg = Release|Any CPU
		{B8EDB470-BCBD-4120-9CD0-9FC4CBF168F7}.Release|Any CPU.Build.0 = Release|Any CPU
		{7C99308D-A11A-43A0-9C2D-F28466A0B711}.Debug|Any CPU.ActiveCfg = Debug|Any CPU
		{7C99308D-A11A-43A0-9C2D-F28466A0B711}.Debug|Any CPU.Build.0 = Debug|Any CPU
		{7C99308D-A11A-43A0-9C2D-F28466A0B711}.Release|Any CPU.ActiveCfg = Release|Any CPU
		{7C99308D-A11A-43A0-9C2D-F28466A0B711}.Release|Any CPU.Build.0 = Release|Any CPU
		{6003624A-34E4-4891-A29C-6957DE6ADF9F}.Debug|Any CPU.ActiveCfg = Debug|Any CPU
		{6003624A-34E4-4891-A29C-6957DE6ADF9F}.Debug|Any CPU.Build.0 = Debug|Any CPU
		{6003624A-34E4-4891-A29C-6957DE6ADF9F}.Release|Any CPU.ActiveCfg = Release|Any CPU
		{6003624A-34E4-4891-A29C-6957DE6ADF9F}.Release|Any CPU.Build.0 = Release|Any CPU
		{5322025D-EFDF-472D-8CD7-947A23B15E38}.Debug|Any CPU.ActiveCfg = Debug|Any CPU
		{5322025D-EFDF-472D-8CD7-947A23B15E38}.Debug|Any CPU.Build.0 = Debug|Any CPU
		{5322025D-EFDF-472D-8CD7-947A23B15E38}.Release|Any CPU.ActiveCfg = Release|Any CPU
		{5322025D-EFDF-472D-8CD7-947A23B15E38}.Release|Any CPU.Build.0 = Release|Any CPU
		{9F60841F-6489-49D6-952F-042B9ABD4226}.Debug|Any CPU.ActiveCfg = Debug|Any CPU
		{9F60841F-6489-49D6-952F-042B9ABD4226}.Debug|Any CPU.Build.0 = Debug|Any CPU
		{9F60841F-6489-49D6-952F-042B9ABD4226}.Release|Any CPU.ActiveCfg = Release|Any CPU
		{9F60841F-6489-49D6-952F-042B9ABD4226}.Release|Any CPU.Build.0 = Release|Any CPU
		{3C6DC2E4-5A44-4E28-B03D-D4DFAC7C7791}.Debug|Any CPU.ActiveCfg = Debug|Any CPU
		{3C6DC2E4-5A44-4E28-B03D-D4DFAC7C7791}.Debug|Any CPU.Build.0 = Debug|Any CPU
		{3C6DC2E4-5A44-4E28-B03D-D4DFAC7C7791}.Release|Any CPU.ActiveCfg = Release|Any CPU
		{3C6DC2E4-5A44-4E28-B03D-D4DFAC7C7791}.Release|Any CPU.Build.0 = Release|Any CPU
		{01BE48FD-2AD7-4E71-B1C5-8C6A608ACD1E}.Debug|Any CPU.ActiveCfg = Debug|Any CPU
		{01BE48FD-2AD7-4E71-B1C5-8C6A608ACD1E}.Debug|Any CPU.Build.0 = Debug|Any CPU
		{01BE48FD-2AD7-4E71-B1C5-8C6A608ACD1E}.Release|Any CPU.ActiveCfg = Release|Any CPU
		{01BE48FD-2AD7-4E71-B1C5-8C6A608ACD1E}.Release|Any CPU.Build.0 = Release|Any CPU
		{DEA5FE65-F3FD-4E85-9231-4F36F793307D}.Debug|Any CPU.ActiveCfg = Debug|Any CPU
		{DEA5FE65-F3FD-4E85-9231-4F36F793307D}.Debug|Any CPU.Build.0 = Debug|Any CPU
		{DEA5FE65-F3FD-4E85-9231-4F36F793307D}.Release|Any CPU.ActiveCfg = Release|Any CPU
		{DEA5FE65-F3FD-4E85-9231-4F36F793307D}.Release|Any CPU.Build.0 = Release|Any CPU
		{51474BCA-7C44-4979-A018-BA95C8BFE505}.Debug|Any CPU.ActiveCfg = Debug|Any CPU
		{51474BCA-7C44-4979-A018-BA95C8BFE505}.Debug|Any CPU.Build.0 = Debug|Any CPU
		{51474BCA-7C44-4979-A018-BA95C8BFE505}.Release|Any CPU.ActiveCfg = Release|Any CPU
		{51474BCA-7C44-4979-A018-BA95C8BFE505}.Release|Any CPU.Build.0 = Release|Any CPU
		{C04292F9-4FA1-4523-84C1-5E2000C2D609}.Debug|Any CPU.ActiveCfg = Debug|Any CPU
		{C04292F9-4FA1-4523-84C1-5E2000C2D609}.Debug|Any CPU.Build.0 = Debug|Any CPU
		{C04292F9-4FA1-4523-84C1-5E2000C2D609}.Release|Any CPU.ActiveCfg = Release|Any CPU
		{C04292F9-4FA1-4523-84C1-5E2000C2D609}.Release|Any CPU.Build.0 = Release|Any CPU
		{8A5A51A5-EDBB-428F-94D0-E2A38CB6D99C}.Debug|Any CPU.ActiveCfg = Debug|Any CPU
		{8A5A51A5-EDBB-428F-94D0-E2A38CB6D99C}.Debug|Any CPU.Build.0 = Debug|Any CPU
		{8A5A51A5-EDBB-428F-94D0-E2A38CB6D99C}.Release|Any CPU.ActiveCfg = Release|Any CPU
		{8A5A51A5-EDBB-428F-94D0-E2A38CB6D99C}.Release|Any CPU.Build.0 = Release|Any CPU
		{4F6D165F-1B06-4C06-AF38-926FA15D20BB}.Debug|Any CPU.ActiveCfg = Debug|Any CPU
		{4F6D165F-1B06-4C06-AF38-926FA15D20BB}.Debug|Any CPU.Build.0 = Debug|Any CPU
		{4F6D165F-1B06-4C06-AF38-926FA15D20BB}.Release|Any CPU.ActiveCfg = Release|Any CPU
		{4F6D165F-1B06-4C06-AF38-926FA15D20BB}.Release|Any CPU.Build.0 = Release|Any CPU
		{69ADCBFD-CA7F-4B89-A2D9-A39629B4B08F}.Debug|Any CPU.ActiveCfg = Debug|Any CPU
		{69ADCBFD-CA7F-4B89-A2D9-A39629B4B08F}.Debug|Any CPU.Build.0 = Debug|Any CPU
		{69ADCBFD-CA7F-4B89-A2D9-A39629B4B08F}.Release|Any CPU.ActiveCfg = Release|Any CPU
		{69ADCBFD-CA7F-4B89-A2D9-A39629B4B08F}.Release|Any CPU.Build.0 = Release|Any CPU
		{62783A37-DBE5-4998-AC14-23B5BFADE73C}.Debug|Any CPU.ActiveCfg = Debug|Any CPU
		{62783A37-DBE5-4998-AC14-23B5BFADE73C}.Debug|Any CPU.Build.0 = Debug|Any CPU
		{62783A37-DBE5-4998-AC14-23B5BFADE73C}.Release|Any CPU.ActiveCfg = Release|Any CPU
		{62783A37-DBE5-4998-AC14-23B5BFADE73C}.Release|Any CPU.Build.0 = Release|Any CPU
		{415E81AE-834F-466C-A9E4-45C8A0FDB1C4}.Debug|Any CPU.ActiveCfg = Debug|Any CPU
		{415E81AE-834F-466C-A9E4-45C8A0FDB1C4}.Debug|Any CPU.Build.0 = Debug|Any CPU
		{415E81AE-834F-466C-A9E4-45C8A0FDB1C4}.Release|Any CPU.ActiveCfg = Release|Any CPU
		{415E81AE-834F-466C-A9E4-45C8A0FDB1C4}.Release|Any CPU.Build.0 = Release|Any CPU
		{B2D8BE0A-0241-4B5E-A75E-63820900425D}.Debug|Any CPU.ActiveCfg = Debug|Any CPU
		{B2D8BE0A-0241-4B5E-A75E-63820900425D}.Debug|Any CPU.Build.0 = Debug|Any CPU
		{B2D8BE0A-0241-4B5E-A75E-63820900425D}.Release|Any CPU.ActiveCfg = Release|Any CPU
		{B2D8BE0A-0241-4B5E-A75E-63820900425D}.Release|Any CPU.Build.0 = Release|Any CPU
		{E2513B57-C3B6-4382-870C-52F926AA3B0E}.Debug|Any CPU.ActiveCfg = Debug|Any CPU
		{E2513B57-C3B6-4382-870C-52F926AA3B0E}.Debug|Any CPU.Build.0 = Debug|Any CPU
		{E2513B57-C3B6-4382-870C-52F926AA3B0E}.Release|Any CPU.ActiveCfg = Release|Any CPU
		{E2513B57-C3B6-4382-870C-52F926AA3B0E}.Release|Any CPU.Build.0 = Release|Any CPU
		{CF6A6AB1-F8DD-4689-A450-F7F41D930589}.Debug|Any CPU.ActiveCfg = Debug|Any CPU
		{CF6A6AB1-F8DD-4689-A450-F7F41D930589}.Debug|Any CPU.Build.0 = Debug|Any CPU
		{CF6A6AB1-F8DD-4689-A450-F7F41D930589}.Release|Any CPU.ActiveCfg = Release|Any CPU
		{CF6A6AB1-F8DD-4689-A450-F7F41D930589}.Release|Any CPU.Build.0 = Release|Any CPU
	EndGlobalSection
	GlobalSection(SolutionProperties) = preSolution
		HideSolutionNode = FALSE
	EndGlobalSection
	GlobalSection(NestedProjects) = preSolution
		{C4DB5902-DB47-4108-8423-8687D6395567} = {28231AC6-36A0-4746-8384-DE482C818EF0}
		{AB82DFB4-86E7-4F21-9033-9398F9407654} = {503E04AD-13D4-41FE-A5FD-CA2AB3B2623D}
		{79EE7D16-C478-4159-A1B7-38C7B4764D30} = {503E04AD-13D4-41FE-A5FD-CA2AB3B2623D}
		{0264F0D4-CBB8-4A38-86FD-B65B8668C077} = {931E6A07-3272-4153-B7BA-A597BC40FAA5}
		{4BA30F39-13E1-4F37-B7F8-E7054FFB1A84} = {931E6A07-3272-4153-B7BA-A597BC40FAA5}
		{B8EDB470-BCBD-4120-9CD0-9FC4CBF168F7} = {3BAE42DC-A523-4500-9A93-8C28DDF532D4}
		{7C99308D-A11A-43A0-9C2D-F28466A0B711} = {3BAE42DC-A523-4500-9A93-8C28DDF532D4}
		{6003624A-34E4-4891-A29C-6957DE6ADF9F} = {503E04AD-13D4-41FE-A5FD-CA2AB3B2623D}
		{5322025D-EFDF-472D-8CD7-947A23B15E38} = {931E6A07-3272-4153-B7BA-A597BC40FAA5}
		{9F60841F-6489-49D6-952F-042B9ABD4226} = {28231AC6-36A0-4746-8384-DE482C818EF0}
		{3C6DC2E4-5A44-4E28-B03D-D4DFAC7C7791} = {503E04AD-13D4-41FE-A5FD-CA2AB3B2623D}
		{01BE48FD-2AD7-4E71-B1C5-8C6A608ACD1E} = {28231AC6-36A0-4746-8384-DE482C818EF0}
		{DEA5FE65-F3FD-4E85-9231-4F36F793307D} = {503E04AD-13D4-41FE-A5FD-CA2AB3B2623D}
		{51474BCA-7C44-4979-A018-BA95C8BFE505} = {931E6A07-3272-4153-B7BA-A597BC40FAA5}
		{C04292F9-4FA1-4523-84C1-5E2000C2D609} = {931E6A07-3272-4153-B7BA-A597BC40FAA5}
		{8A5A51A5-EDBB-428F-94D0-E2A38CB6D99C} = {3BAE42DC-A523-4500-9A93-8C28DDF532D4}
		{4F6D165F-1B06-4C06-AF38-926FA15D20BB} = {3BAE42DC-A523-4500-9A93-8C28DDF532D4}
		{69ADCBFD-CA7F-4B89-A2D9-A39629B4B08F} = {3BAE42DC-A523-4500-9A93-8C28DDF532D4}
		{62783A37-DBE5-4998-AC14-23B5BFADE73C} = {503E04AD-13D4-41FE-A5FD-CA2AB3B2623D}
		{415E81AE-834F-466C-A9E4-45C8A0FDB1C4} = {246885B4-382F-47A8-8F4F-BD41C7ED16CF}
		{B2D8BE0A-0241-4B5E-A75E-63820900425D} = {246885B4-382F-47A8-8F4F-BD41C7ED16CF}
		{E2513B57-C3B6-4382-870C-52F926AA3B0E} = {246885B4-382F-47A8-8F4F-BD41C7ED16CF}
		{CF6A6AB1-F8DD-4689-A450-F7F41D930589} = {503E04AD-13D4-41FE-A5FD-CA2AB3B2623D}
	EndGlobalSection
	GlobalSection(ExtensibilityGlobals) = postSolution
		SolutionGuid = {98E1ADF8-88DF-4B1F-B486-650F4F9CC573}
	EndGlobalSection
EndGlobal
