
Microsoft Visual Studio Solution File, Format Version 12.00
# Visual Studio Version 16
VisualStudioVersion = 16.0.29806.167
MinimumVisualStudioVersion = 10.0.40219.1
Project("{9A19103F-16F7-4668-BE54-9A1E7A4F7556}") = "SampleApp", "SampleApp\SampleApp.csproj", "{C4DB5902-DB47-4108-8423-8687D6395567}"
EndProject
Project("{9A19103F-16F7-4668-BE54-9A1E7A4F7556}") = "PiTopMakerArchitecture.Foundation", "PiTopMakerArchitecture.Foundation\PiTopMakerArchitecture.Foundation.csproj", "{AB82DFB4-86E7-4F21-9033-9398F9407654}"
EndProject
Project("{9A19103F-16F7-4668-BE54-9A1E7A4F7556}") = "PiTop", "PiTop\PiTop.csproj", "{79EE7D16-C478-4159-A1B7-38C7B4764D30}"
EndProject
Project("{FAE04EC0-301F-11D3-BF4B-00C04F79EFBC}") = "PiTop.InteractiveExtension", "PiTop.InteractiveExtension\PiTop.InteractiveExtension.csproj", "{0264F0D4-CBB8-4A38-86FD-B65B8668C077}"
EndProject
Project("{FAE04EC0-301F-11D3-BF4B-00C04F79EFBC}") = "PiTopMakerArchitecture.Foundation.InteractiveExtension", "PiTopMakerArchitecture.Foundation.InteractiveExtension\PiTopMakerArchitecture.Foundation.InteractiveExtension.csproj", "{4BA30F39-13E1-4F37-B7F8-E7054FFB1A84}"
EndProject
Project("{2150E333-8FDC-42A3-9474-1A3956D46DE8}") = "InteractiveExtensions", "InteractiveExtensions", "{931E6A07-3272-4153-B7BA-A597BC40FAA5}"
EndProject
Project("{2150E333-8FDC-42A3-9474-1A3956D46DE8}") = "Libraries", "Libraries", "{503E04AD-13D4-41FE-A5FD-CA2AB3B2623D}"
EndProject
Project("{2150E333-8FDC-42A3-9474-1A3956D46DE8}") = "NuGet", "NuGet", "{3BAE42DC-A523-4500-9A93-8C28DDF532D4}"
EndProject
Project("{9A19103F-16F7-4668-BE54-9A1E7A4F7556}") = "PiTop.nuget", "PiTop.nuget\PiTop.nuget.csproj", "{B8EDB470-BCBD-4120-9CD0-9FC4CBF168F7}"
EndProject
Project("{9A19103F-16F7-4668-BE54-9A1E7A4F7556}") = "PiTopMakerArchitecture.Foundation.nuget", "PiTopMakerArchitecture.Foundation.nuget\PiTopMakerArchitecture.Foundation.nuget.csproj", "{7C99308D-A11A-43A0-9C2D-F28466A0B711}"
EndProject
Global
	GlobalSection(SolutionConfigurationPlatforms) = preSolution
		Debug|Any CPU = Debug|Any CPU
		Release|Any CPU = Release|Any CPU
	EndGlobalSection
	GlobalSection(ProjectConfigurationPlatforms) = postSolution
		{C4DB5902-DB47-4108-8423-8687D6395567}.Debug|Any CPU.ActiveCfg = Debug|Any CPU
		{C4DB5902-DB47-4108-8423-8687D6395567}.Debug|Any CPU.Build.0 = Debug|Any CPU
		{C4DB5902-DB47-4108-8423-8687D6395567}.Release|Any CPU.ActiveCfg = Release|Any CPU
		{C4DB5902-DB47-4108-8423-8687D6395567}.Release|Any CPU.Build.0 = Release|Any CPU
		{AB82DFB4-86E7-4F21-9033-9398F9407654}.Debug|Any CPU.ActiveCfg = Debug|Any CPU
		{AB82DFB4-86E7-4F21-9033-9398F9407654}.Debug|Any CPU.Build.0 = Debug|Any CPU
		{AB82DFB4-86E7-4F21-9033-9398F9407654}.Release|Any CPU.ActiveCfg = Release|Any CPU
		{AB82DFB4-86E7-4F21-9033-9398F9407654}.Release|Any CPU.Build.0 = Release|Any CPU
		{79EE7D16-C478-4159-A1B7-38C7B4764D30}.Debug|Any CPU.ActiveCfg = Debug|Any CPU
		{79EE7D16-C478-4159-A1B7-38C7B4764D30}.Debug|Any CPU.Build.0 = Debug|Any CPU
		{79EE7D16-C478-4159-A1B7-38C7B4764D30}.Release|Any CPU.ActiveCfg = Release|Any CPU
		{79EE7D16-C478-4159-A1B7-38C7B4764D30}.Release|Any CPU.Build.0 = Release|Any CPU
		{0264F0D4-CBB8-4A38-86FD-B65B8668C077}.Debug|Any CPU.ActiveCfg = Debug|Any CPU
		{0264F0D4-CBB8-4A38-86FD-B65B8668C077}.Debug|Any CPU.Build.0 = Debug|Any CPU
		{0264F0D4-CBB8-4A38-86FD-B65B8668C077}.Release|Any CPU.ActiveCfg = Release|Any CPU
		{0264F0D4-CBB8-4A38-86FD-B65B8668C077}.Release|Any CPU.Build.0 = Release|Any CPU
		{4BA30F39-13E1-4F37-B7F8-E7054FFB1A84}.Debug|Any CPU.ActiveCfg = Debug|Any CPU
		{4BA30F39-13E1-4F37-B7F8-E7054FFB1A84}.Debug|Any CPU.Build.0 = Debug|Any CPU
		{4BA30F39-13E1-4F37-B7F8-E7054FFB1A84}.Release|Any CPU.ActiveCfg = Release|Any CPU
		{4BA30F39-13E1-4F37-B7F8-E7054FFB1A84}.Release|Any CPU.Build.0 = Release|Any CPU
		{B8EDB470-BCBD-4120-9CD0-9FC4CBF168F7}.Debug|Any CPU.ActiveCfg = Debug|Any CPU
		{B8EDB470-BCBD-4120-9CD0-9FC4CBF168F7}.Debug|Any CPU.Build.0 = Debug|Any CPU
		{B8EDB470-BCBD-4120-9CD0-9FC4CBF168F7}.Release|Any CPU.ActiveCfg = Release|Any CPU
		{B8EDB470-BCBD-4120-9CD0-9FC4CBF168F7}.Release|Any CPU.Build.0 = Release|Any CPU
		{7C99308D-A11A-43A0-9C2D-F28466A0B711}.Debug|Any CPU.ActiveCfg = Debug|Any CPU
		{7C99308D-A11A-43A0-9C2D-F28466A0B711}.Debug|Any CPU.Build.0 = Debug|Any CPU
		{7C99308D-A11A-43A0-9C2D-F28466A0B711}.Release|Any CPU.ActiveCfg = Release|Any CPU
		{7C99308D-A11A-43A0-9C2D-F28466A0B711}.Release|Any CPU.Build.0 = Release|Any CPU
	EndGlobalSection
	GlobalSection(SolutionProperties) = preSolution
		HideSolutionNode = FALSE
	EndGlobalSection
	GlobalSection(NestedProjects) = preSolution
		{AB82DFB4-86E7-4F21-9033-9398F9407654} = {503E04AD-13D4-41FE-A5FD-CA2AB3B2623D}
		{79EE7D16-C478-4159-A1B7-38C7B4764D30} = {503E04AD-13D4-41FE-A5FD-CA2AB3B2623D}
		{0264F0D4-CBB8-4A38-86FD-B65B8668C077} = {931E6A07-3272-4153-B7BA-A597BC40FAA5}
		{4BA30F39-13E1-4F37-B7F8-E7054FFB1A84} = {931E6A07-3272-4153-B7BA-A597BC40FAA5}
		{B8EDB470-BCBD-4120-9CD0-9FC4CBF168F7} = {3BAE42DC-A523-4500-9A93-8C28DDF532D4}
		{7C99308D-A11A-43A0-9C2D-F28466A0B711} = {3BAE42DC-A523-4500-9A93-8C28DDF532D4}
	EndGlobalSection
	GlobalSection(ExtensibilityGlobals) = postSolution
		SolutionGuid = {98E1ADF8-88DF-4B1F-B486-650F4F9CC573}
	EndGlobalSection
EndGlobal
